// !$*UTF8*$!
{
	archiveVersion = 1;
	classes = {
	};
	objectVersion = 56;
	objects = {

/* Begin PBXBuildFile section */
		371F04732A9CBB6100C3E713 /* Bundle+Extension.swift in Sources */ = {isa = PBXBuildFile; fileRef = 371F04722A9CBB6100C3E713 /* Bundle+Extension.swift */; };
		371F04752A9CBB8600C3E713 /* Movie.swift in Sources */ = {isa = PBXBuildFile; fileRef = 371F04742A9CBB8600C3E713 /* Movie.swift */; };
		371F04772A9CBB9100C3E713 /* movie.json in Resources */ = {isa = PBXBuildFile; fileRef = 371F04762A9CBB9100C3E713 /* movie.json */; };
		371F047D2A9CC23100C3E713 /* DetailView.swift in Sources */ = {isa = PBXBuildFile; fileRef = 371F047C2A9CC23100C3E713 /* DetailView.swift */; };
		371F04802A9CC2DE00C3E713 /* Constant.swift in Sources */ = {isa = PBXBuildFile; fileRef = 371F047F2A9CC2DE00C3E713 /* Constant.swift */; };
		3785A9B52A9DCC36001DAC9B /* MovieCellView.swift in Sources */ = {isa = PBXBuildFile; fileRef = 3785A9B42A9DCC36001DAC9B /* MovieCellView.swift */; };
		37D377D32A9CAEDB0045F002 /* QSTApp.swift in Sources */ = {isa = PBXBuildFile; fileRef = 37D377D22A9CAEDB0045F002 /* QSTApp.swift */; };
		37D377D52A9CAEDB0045F002 /* ContentView.swift in Sources */ = {isa = PBXBuildFile; fileRef = 37D377D42A9CAEDB0045F002 /* ContentView.swift */; };
		37D377D72A9CAEDD0045F002 /* Assets.xcassets in Resources */ = {isa = PBXBuildFile; fileRef = 37D377D62A9CAEDD0045F002 /* Assets.xcassets */; };
		37D377DA2A9CAEDD0045F002 /* Preview Assets.xcassets in Resources */ = {isa = PBXBuildFile; fileRef = 37D377D92A9CAEDD0045F002 /* Preview Assets.xcassets */; };
/* End PBXBuildFile section */

/* Begin PBXFileReference section */
		371F04722A9CBB6100C3E713 /* Bundle+Extension.swift */ = {isa = PBXFileReference; fileEncoding = 4; lastKnownFileType = sourcecode.swift; path = "Bundle+Extension.swift"; sourceTree = "<group>"; };
		371F04742A9CBB8600C3E713 /* Movie.swift */ = {isa = PBXFileReference; fileEncoding = 4; lastKnownFileType = sourcecode.swift; path = Movie.swift; sourceTree = "<group>"; };
		371F04762A9CBB9100C3E713 /* movie.json */ = {isa = PBXFileReference; fileEncoding = 4; lastKnownFileType = text.json; path = movie.json; sourceTree = "<group>"; };
		371F047C2A9CC23100C3E713 /* DetailView.swift */ = {isa = PBXFileReference; lastKnownFileType = sourcecode.swift; path = DetailView.swift; sourceTree = "<group>"; };
		371F047F2A9CC2DE00C3E713 /* Constant.swift */ = {isa = PBXFileReference; lastKnownFileType = sourcecode.swift; path = Constant.swift; sourceTree = "<group>"; };
		3785A9B42A9DCC36001DAC9B /* MovieCellView.swift */ = {isa = PBXFileReference; lastKnownFileType = sourcecode.swift; path = MovieCellView.swift; sourceTree = "<group>"; };
		37D377CF2A9CAEDB0045F002 /* QST.app */ = {isa = PBXFileReference; explicitFileType = wrapper.application; includeInIndex = 0; path = QST.app; sourceTree = BUILT_PRODUCTS_DIR; };
		37D377D22A9CAEDB0045F002 /* QSTApp.swift */ = {isa = PBXFileReference; lastKnownFileType = sourcecode.swift; path = QSTApp.swift; sourceTree = "<group>"; };
		37D377D42A9CAEDB0045F002 /* ContentView.swift */ = {isa = PBXFileReference; lastKnownFileType = sourcecode.swift; path = ContentView.swift; sourceTree = "<group>"; };
		37D377D62A9CAEDD0045F002 /* Assets.xcassets */ = {isa = PBXFileReference; lastKnownFileType = folder.assetcatalog; path = Assets.xcassets; sourceTree = "<group>"; };
		37D377D92A9CAEDD0045F002 /* Preview Assets.xcassets */ = {isa = PBXFileReference; lastKnownFileType = folder.assetcatalog; path = "Preview Assets.xcassets"; sourceTree = "<group>"; };
/* End PBXFileReference section */

/* Begin PBXFrameworksBuildPhase section */
		37D377CC2A9CAEDB0045F002 /* Frameworks */ = {
			isa = PBXFrameworksBuildPhase;
			buildActionMask = 2147483647;
			files = (
			);
			runOnlyForDeploymentPostprocessing = 0;
		};
/* End PBXFrameworksBuildPhase section */

/* Begin PBXGroup section */
		371F04792A9CBE4400C3E713 /* Resource */ = {
			isa = PBXGroup;
			children = (
				371F04762A9CBB9100C3E713 /* movie.json */,
			);
			path = Resource;
			sourceTree = "<group>";
		};
		371F047A2A9CBF8B00C3E713 /* Extension */ = {
			isa = PBXGroup;
			children = (
				371F04722A9CBB6100C3E713 /* Bundle+Extension.swift */,
			);
			path = Extension;
			sourceTree = "<group>";
		};
		371F047B2A9CBFDA00C3E713 /* View */ = {
			isa = PBXGroup;
			children = (
				3785A9B32A9DCC1E001DAC9B /* Cell */,
				37D377D42A9CAEDB0045F002 /* ContentView.swift */,
				371F047C2A9CC23100C3E713 /* DetailView.swift */,
			);
			path = View;
			sourceTree = "<group>";
		};
		371F047E2A9CC2C900C3E713 /* Constant */ = {
			isa = PBXGroup;
			children = (
				371F047F2A9CC2DE00C3E713 /* Constant.swift */,
			);
			path = Constant;
			sourceTree = "<group>";
		};
		3785A9B32A9DCC1E001DAC9B /* Cell */ = {
			isa = PBXGroup;
			children = (
				3785A9B42A9DCC36001DAC9B /* MovieCellView.swift */,
			);
			path = Cell;
			sourceTree = "<group>";
		};
		37D377C62A9CAEDB0045F002 = {
			isa = PBXGroup;
			children = (
				37D377D12A9CAEDB0045F002 /* QST */,
				37D377D02A9CAEDB0045F002 /* Products */,
			);
			sourceTree = "<group>";
		};
		37D377D02A9CAEDB0045F002 /* Products */ = {
			isa = PBXGroup;
			children = (
				37D377CF2A9CAEDB0045F002 /* QST.app */,
			);
			name = Products;
			sourceTree = "<group>";
		};
		37D377D12A9CAEDB0045F002 /* QST */ = {
			isa = PBXGroup;
			children = (
				371F047B2A9CBFDA00C3E713 /* View */,
				37D377E02A9CAF330045F002 /* Model */,
				371F047E2A9CC2C900C3E713 /* Constant */,
				371F047A2A9CBF8B00C3E713 /* Extension */,
				371F04792A9CBE4400C3E713 /* Resource */,
				37D377D22A9CAEDB0045F002 /* QSTApp.swift */,
				37D377D62A9CAEDD0045F002 /* Assets.xcassets */,
				37D377D82A9CAEDD0045F002 /* Preview Content */,
			);
			path = QST;
			sourceTree = "<group>";
		};
		37D377D82A9CAEDD0045F002 /* Preview Content */ = {
			isa = PBXGroup;
			children = (
				37D377D92A9CAEDD0045F002 /* Preview Assets.xcassets */,
			);
			path = "Preview Content";
			sourceTree = "<group>";
		};
		37D377E02A9CAF330045F002 /* Model */ = {
			isa = PBXGroup;
			children = (
				371F04742A9CBB8600C3E713 /* Movie.swift */,
			);
			path = Model;
			sourceTree = "<group>";
		};
/* End PBXGroup section */

/* Begin PBXNativeTarget section */
		37D377CE2A9CAEDB0045F002 /* QST */ = {
			isa = PBXNativeTarget;
			buildConfigurationList = 37D377DD2A9CAEDD0045F002 /* Build configuration list for PBXNativeTarget "QST" */;
			buildPhases = (
				37D377CB2A9CAEDB0045F002 /* Sources */,
				37D377CC2A9CAEDB0045F002 /* Frameworks */,
				37D377CD2A9CAEDB0045F002 /* Resources */,
			);
			buildRules = (
			);
			dependencies = (
			);
			name = QST;
			productName = QST;
			productReference = 37D377CF2A9CAEDB0045F002 /* QST.app */;
			productType = "com.apple.product-type.application";
		};
/* End PBXNativeTarget section */

/* Begin PBXProject section */
		37D377C72A9CAEDB0045F002 /* Project object */ = {
			isa = PBXProject;
			attributes = {
				BuildIndependentTargetsInParallel = 1;
				LastSwiftUpdateCheck = 1420;
				LastUpgradeCheck = 1420;
				TargetAttributes = {
					37D377CE2A9CAEDB0045F002 = {
						CreatedOnToolsVersion = 14.2;
					};
				};
			};
			buildConfigurationList = 37D377CA2A9CAEDB0045F002 /* Build configuration list for PBXProject "QST" */;
			compatibilityVersion = "Xcode 14.0";
			developmentRegion = en;
			hasScannedForEncodings = 0;
			knownRegions = (
				en,
				Base,
			);
			mainGroup = 37D377C62A9CAEDB0045F002;
			productRefGroup = 37D377D02A9CAEDB0045F002 /* Products */;
			projectDirPath = "";
			projectRoot = "";
			targets = (
				37D377CE2A9CAEDB0045F002 /* QST */,
			);
		};
/* End PBXProject section */

/* Begin PBXResourcesBuildPhase section */
		37D377CD2A9CAEDB0045F002 /* Resources */ = {
			isa = PBXResourcesBuildPhase;
			buildActionMask = 2147483647;
			files = (
				371F04772A9CBB9100C3E713 /* movie.json in Resources */,
				37D377DA2A9CAEDD0045F002 /* Preview Assets.xcassets in Resources */,
				37D377D72A9CAEDD0045F002 /* Assets.xcassets in Resources */,
			);
			runOnlyForDeploymentPostprocessing = 0;
		};
/* End PBXResourcesBuildPhase section */

/* Begin PBXSourcesBuildPhase section */
		37D377CB2A9CAEDB0045F002 /* Sources */ = {
			isa = PBXSourcesBuildPhase;
			buildActionMask = 2147483647;
			files = (
				371F04752A9CBB8600C3E713 /* Movie.swift in Sources */,
				371F047D2A9CC23100C3E713 /* DetailView.swift in Sources */,
				37D377D52A9CAEDB0045F002 /* ContentView.swift in Sources */,
				37D377D32A9CAEDB0045F002 /* QSTApp.swift in Sources */,
				3785A9B52A9DCC36001DAC9B /* MovieCellView.swift in Sources */,
				371F04732A9CBB6100C3E713 /* Bundle+Extension.swift in Sources */,
				371F04802A9CC2DE00C3E713 /* Constant.swift in Sources */,
			);
			runOnlyForDeploymentPostprocessing = 0;
		};
/* End PBXSourcesBuildPhase section */

/* Begin XCBuildConfiguration section */
		37D377DB2A9CAEDD0045F002 /* Debug */ = {
			isa = XCBuildConfiguration;
			buildSettings = {
				ALWAYS_SEARCH_USER_PATHS = NO;
				CLANG_ANALYZER_NONNULL = YES;
				CLANG_ANALYZER_NUMBER_OBJECT_CONVERSION = YES_AGGRESSIVE;
				CLANG_CXX_LANGUAGE_STANDARD = "gnu++20";
				CLANG_ENABLE_MODULES = YES;
				CLANG_ENABLE_OBJC_ARC = YES;
				CLANG_ENABLE_OBJC_WEAK = YES;
				CLANG_WARN_BLOCK_CAPTURE_AUTORELEASING = YES;
				CLANG_WARN_BOOL_CONVERSION = YES;
				CLANG_WARN_COMMA = YES;
				CLANG_WARN_CONSTANT_CONVERSION = YES;
				CLANG_WARN_DEPRECATED_OBJC_IMPLEMENTATIONS = YES;
				CLANG_WARN_DIRECT_OBJC_ISA_USAGE = YES_ERROR;
				CLANG_WARN_DOCUMENTATION_COMMENTS = YES;
				CLANG_WARN_EMPTY_BODY = YES;
				CLANG_WARN_ENUM_CONVERSION = YES;
				CLANG_WARN_INFINITE_RECURSION = YES;
				CLANG_WARN_INT_CONVERSION = YES;
				CLANG_WARN_NON_LITERAL_NULL_CONVERSION = YES;
				CLANG_WARN_OBJC_IMPLICIT_RETAIN_SELF = YES;
				CLANG_WARN_OBJC_LITERAL_CONVERSION = YES;
				CLANG_WARN_OBJC_ROOT_CLASS = YES_ERROR;
				CLANG_WARN_QUOTED_INCLUDE_IN_FRAMEWORK_HEADER = YES;
				CLANG_WARN_RANGE_LOOP_ANALYSIS = YES;
				CLANG_WARN_STRICT_PROTOTYPES = YES;
				CLANG_WARN_SUSPICIOUS_MOVE = YES;
				CLANG_WARN_UNGUARDED_AVAILABILITY = YES_AGGRESSIVE;
				CLANG_WARN_UNREACHABLE_CODE = YES;
				CLANG_WARN__DUPLICATE_METHOD_MATCH = YES;
				COPY_PHASE_STRIP = NO;
				DEBUG_INFORMATION_FORMAT = dwarf;
				ENABLE_STRICT_OBJC_MSGSEND = YES;
				ENABLE_TESTABILITY = YES;
				GCC_C_LANGUAGE_STANDARD = gnu11;
				GCC_DYNAMIC_NO_PIC = NO;
				GCC_NO_COMMON_BLOCKS = YES;
				GCC_OPTIMIZATION_LEVEL = 0;
				GCC_PREPROCESSOR_DEFINITIONS = (
					"DEBUG=1",
					"$(inherited)",
				);
				GCC_WARN_64_TO_32_BIT_CONVERSION = YES;
				GCC_WARN_ABOUT_RETURN_TYPE = YES_ERROR;
				GCC_WARN_UNDECLARED_SELECTOR = YES;
				GCC_WARN_UNINITIALIZED_AUTOS = YES_AGGRESSIVE;
				GCC_WARN_UNUSED_FUNCTION = YES;
				GCC_WARN_UNUSED_VARIABLE = YES;
				IPHONEOS_DEPLOYMENT_TARGET = 16.2;
				MTL_ENABLE_DEBUG_INFO = INCLUDE_SOURCE;
				MTL_FAST_MATH = YES;
				ONLY_ACTIVE_ARCH = YES;
				SDKROOT = iphoneos;
				SWIFT_ACTIVE_COMPILATION_CONDITIONS = DEBUG;
				SWIFT_OPTIMIZATION_LEVEL = "-Onone";
			};
			name = Debug;
		};
		37D377DC2A9CAEDD0045F002 /* Release */ = {
			isa = XCBuildConfiguration;
			buildSettings = {
				ALWAYS_SEARCH_USER_PATHS = NO;
				CLANG_ANALYZER_NONNULL = YES;
				CLANG_ANALYZER_NUMBER_OBJECT_CONVERSION = YES_AGGRESSIVE;
				CLANG_CXX_LANGUAGE_STANDARD = "gnu++20";
				CLANG_ENABLE_MODULES = YES;
				CLANG_ENABLE_OBJC_ARC = YES;
				CLANG_ENABLE_OBJC_WEAK = YES;
				CLANG_WARN_BLOCK_CAPTURE_AUTORELEASING = YES;
				CLANG_WARN_BOOL_CONVERSION = YES;
				CLANG_WARN_COMMA = YES;
				CLANG_WARN_CONSTANT_CONVERSION = YES;
				CLANG_WARN_DEPRECATED_OBJC_IMPLEMENTATIONS = YES;
				CLANG_WARN_DIRECT_OBJC_ISA_USAGE = YES_ERROR;
				CLANG_WARN_DOCUMENTATION_COMMENTS = YES;
				CLANG_WARN_EMPTY_BODY = YES;
				CLANG_WARN_ENUM_CONVERSION = YES;
				CLANG_WARN_INFINITE_RECURSION = YES;
				CLANG_WARN_INT_CONVERSION = YES;
				CLANG_WARN_NON_LITERAL_NULL_CONVERSION = YES;
				CLANG_WARN_OBJC_IMPLICIT_RETAIN_SELF = YES;
				CLANG_WARN_OBJC_LITERAL_CONVERSION = YES;
				CLANG_WARN_OBJC_ROOT_CLASS = YES_ERROR;
				CLANG_WARN_QUOTED_INCLUDE_IN_FRAMEWORK_HEADER = YES;
				CLANG_WARN_RANGE_LOOP_ANALYSIS = YES;
				CLANG_WARN_STRICT_PROTOTYPES = YES;
				CLANG_WARN_SUSPICIOUS_MOVE = YES;
				CLANG_WARN_UNGUARDED_AVAILABILITY = YES_AGGRESSIVE;
				CLANG_WARN_UNREACHABLE_CODE = YES;
				CLANG_WARN__DUPLICATE_METHOD_MATCH = YES;
				COPY_PHASE_STRIP = NO;
				DEBUG_INFORMATION_FORMAT = "dwarf-with-dsym";
				ENABLE_NS_ASSERTIONS = NO;
				ENABLE_STRICT_OBJC_MSGSEND = YES;
				GCC_C_LANGUAGE_STANDARD = gnu11;
				GCC_NO_COMMON_BLOCKS = YES;
				GCC_WARN_64_TO_32_BIT_CONVERSION = YES;
				GCC_WARN_ABOUT_RETURN_TYPE = YES_ERROR;
				GCC_WARN_UNDECLARED_SELECTOR = YES;
				GCC_WARN_UNINITIALIZED_AUTOS = YES_AGGRESSIVE;
				GCC_WARN_UNUSED_FUNCTION = YES;
				GCC_WARN_UNUSED_VARIABLE = YES;
				IPHONEOS_DEPLOYMENT_TARGET = 16.2;
				MTL_ENABLE_DEBUG_INFO = NO;
				MTL_FAST_MATH = YES;
				SDKROOT = iphoneos;
				SWIFT_COMPILATION_MODE = wholemodule;
				SWIFT_OPTIMIZATION_LEVEL = "-O";
				VALIDATE_PRODUCT = YES;
			};
			name = Release;
		};
		37D377DE2A9CAEDD0045F002 /* Debug */ = {
			isa = XCBuildConfiguration;
			buildSettings = {
				ASSETCATALOG_COMPILER_APPICON_NAME = AppIcon;
				ASSETCATALOG_COMPILER_GLOBAL_ACCENT_COLOR_NAME = AccentColor;
				CODE_SIGN_STYLE = Automatic;
				CURRENT_PROJECT_VERSION = 1;
				DEVELOPMENT_ASSET_PATHS = "\"QST/Preview Content\"";
				DEVELOPMENT_TEAM = 3L73K388LH;
				ENABLE_PREVIEWS = YES;
				GENERATE_INFOPLIST_FILE = YES;
				INFOPLIST_KEY_UIApplicationSceneManifest_Generation = YES;
				INFOPLIST_KEY_UIApplicationSupportsIndirectInputEvents = YES;
				INFOPLIST_KEY_UILaunchScreen_Generation = YES;
				INFOPLIST_KEY_UISupportedInterfaceOrientations_iPad = "UIInterfaceOrientationPortrait UIInterfaceOrientationPortraitUpsideDown UIInterfaceOrientationLandscapeLeft UIInterfaceOrientationLandscapeRight";
				INFOPLIST_KEY_UISupportedInterfaceOrientations_iPhone = "UIInterfaceOrientationPortrait UIInterfaceOrientationLandscapeLeft UIInterfaceOrientationLandscapeRight";
				LD_RUNPATH_SEARCH_PATHS = (
					"$(inherited)",
					"@executable_path/Frameworks",
				);
				MARKETING_VERSION = 1.0;
				PRODUCT_BUNDLE_IDENTIFIER = com.arfansyah.denny.QST;
				PRODUCT_NAME = "$(TARGET_NAME)";
				SWIFT_EMIT_LOC_STRINGS = YES;
				SWIFT_VERSION = 5.0;
				TARGETED_DEVICE_FAMILY = "1,2";
			};
			name = Debug;
		};
		37D377DF2A9CAEDD0045F002 /* Release */ = {
			isa = XCBuildConfiguration;
			buildSettings = {
				ASSETCATALOG_COMPILER_APPICON_NAME = AppIcon;
				ASSETCATALOG_COMPILER_GLOBAL_ACCENT_COLOR_NAME = AccentColor;
				CODE_SIGN_STYLE = Automatic;
				CURRENT_PROJECT_VERSION = 1;
				DEVELOPMENT_ASSET_PATHS = "\"QST/Preview Content\"";
				DEVELOPMENT_TEAM = 3L73K388LH;
				ENABLE_PREVIEWS = YES;
				GENERATE_INFOPLIST_FILE = YES;
				INFOPLIST_KEY_UIApplicationSceneManifest_Generation = YES;
				INFOPLIST_KEY_UIApplicationSupportsIndirectInputEvents = YES;
				INFOPLIST_KEY_UILaunchScreen_Generation = YES;
				INFOPLIST_KEY_UISupportedInterfaceOrientations_iPad = "UIInterfaceOrientationPortrait UIInterfaceOrientationPortraitUpsideDown UIInterfaceOrientationLandscapeLeft UIInterfaceOrientationLandscapeRight";
				INFOPLIST_KEY_UISupportedInterfaceOrientations_iPhone = "UIInterfaceOrientationPortrait UIInterfaceOrientationLandscapeLeft UIInterfaceOrientationLandscapeRight";
				LD_RUNPATH_SEARCH_PATHS = (
					"$(inherited)",
					"@executable_path/Frameworks",
				);
				MARKETING_VERSION = 1.0;
				PRODUCT_BUNDLE_IDENTIFIER = com.arfansyah.denny.QST;
				PRODUCT_NAME = "$(TARGET_NAME)";
				SWIFT_EMIT_LOC_STRINGS = YES;
				SWIFT_VERSION = 5.0;
				TARGETED_DEVICE_FAMILY = "1,2";
			};
			name = Release;
		};
/* End XCBuildConfiguration section */

/* Begin XCConfigurationList section */
		37D377CA2A9CAEDB0045F002 /* Build configuration list for PBXProject "QST" */ = {
			isa = XCConfigurationList;
			buildConfigurations = (
				37D377DB2A9CAEDD0045F002 /* Debug */,
				37D377DC2A9CAEDD0045F002 /* Release */,
			);
			defaultConfigurationIsVisible = 0;
			defaultConfigurationName = Release;
		};
		37D377DD2A9CAEDD0045F002 /* Build configuration list for PBXNativeTarget "QST" */ = {
			isa = XCConfigurationList;
			buildConfigurations = (
				37D377DE2A9CAEDD0045F002 /* Debug */,
				37D377DF2A9CAEDD0045F002 /* Release */,
			);
			defaultConfigurationIsVisible = 0;
			defaultConfigurationName = Release;
		};
/* End XCConfigurationList section */
	};
	rootObject = 37D377C72A9CAEDB0045F002 /* Project object */;
}
